// !$*UTF8*$!
{
	archiveVersion = 1;
	classes = {
	};
	objectVersion = 56;
	objects = {

/* Begin PBXBuildFile section */
		447A436328D8DA6000D9DE66 /* AppDelegate.swift in Sources */ = {isa = PBXBuildFile; fileRef = 447A436228D8DA6000D9DE66 /* AppDelegate.swift */; };
		447A436528D8DA6000D9DE66 /* SceneDelegate.swift in Sources */ = {isa = PBXBuildFile; fileRef = 447A436428D8DA6000D9DE66 /* SceneDelegate.swift */; };
		447A436728D8DA6000D9DE66 /* QuotesController.swift in Sources */ = {isa = PBXBuildFile; fileRef = 447A436628D8DA6000D9DE66 /* QuotesController.swift */; };
		447A436A28D8DA6000D9DE66 /* Main.storyboard in Resources */ = {isa = PBXBuildFile; fileRef = 447A436828D8DA6000D9DE66 /* Main.storyboard */; };
		447A436C28D8DA6100D9DE66 /* Assets.xcassets in Resources */ = {isa = PBXBuildFile; fileRef = 447A436B28D8DA6100D9DE66 /* Assets.xcassets */; };
		447A436F28D8DA6100D9DE66 /* LaunchScreen.storyboard in Resources */ = {isa = PBXBuildFile; fileRef = 447A436D28D8DA6100D9DE66 /* LaunchScreen.storyboard */; };
		447A437728D8DE0F00D9DE66 /* QuoteCell.swift in Sources */ = {isa = PBXBuildFile; fileRef = 447A437628D8DE0F00D9DE66 /* QuoteCell.swift */; };
		447A437C28D8DFF400D9DE66 /* QuotesData.swift in Sources */ = {isa = PBXBuildFile; fileRef = 447A437B28D8DFF400D9DE66 /* QuotesData.swift */; };
		447A437F28D8EA6800D9DE66 /* StoreKit.framework in Frameworks */ = {isa = PBXBuildFile; fileRef = 447A437E28D8EA6800D9DE66 /* StoreKit.framework */; };
/* End PBXBuildFile section */

/* Begin PBXFileReference section */
		447A435F28D8DA6000D9DE66 /* InspoQuotes.app */ = {isa = PBXFileReference; explicitFileType = wrapper.application; includeInIndex = 0; path = InspoQuotes.app; sourceTree = BUILT_PRODUCTS_DIR; };
		447A436228D8DA6000D9DE66 /* AppDelegate.swift */ = {isa = PBXFileReference; lastKnownFileType = sourcecode.swift; path = AppDelegate.swift; sourceTree = "<group>"; };
		447A436428D8DA6000D9DE66 /* SceneDelegate.swift */ = {isa = PBXFileReference; lastKnownFileType = sourcecode.swift; path = SceneDelegate.swift; sourceTree = "<group>"; };
		447A436628D8DA6000D9DE66 /* QuotesController.swift */ = {isa = PBXFileReference; lastKnownFileType = sourcecode.swift; path = QuotesController.swift; sourceTree = "<group>"; };
		447A436928D8DA6000D9DE66 /* Base */ = {isa = PBXFileReference; lastKnownFileType = file.storyboard; name = Base; path = Base.lproj/Main.storyboard; sourceTree = "<group>"; };
		447A436B28D8DA6100D9DE66 /* Assets.xcassets */ = {isa = PBXFileReference; lastKnownFileType = folder.assetcatalog; path = Assets.xcassets; sourceTree = "<group>"; };
		447A436E28D8DA6100D9DE66 /* Base */ = {isa = PBXFileReference; lastKnownFileType = file.storyboard; name = Base; path = Base.lproj/LaunchScreen.storyboard; sourceTree = "<group>"; };
		447A437028D8DA6100D9DE66 /* Info.plist */ = {isa = PBXFileReference; lastKnownFileType = text.plist.xml; path = Info.plist; sourceTree = "<group>"; };
		447A437628D8DE0F00D9DE66 /* QuoteCell.swift */ = {isa = PBXFileReference; lastKnownFileType = sourcecode.swift; path = QuoteCell.swift; sourceTree = "<group>"; };
		447A437B28D8DFF400D9DE66 /* QuotesData.swift */ = {isa = PBXFileReference; lastKnownFileType = sourcecode.swift; path = QuotesData.swift; sourceTree = "<group>"; };
		447A437E28D8EA6800D9DE66 /* StoreKit.framework */ = {isa = PBXFileReference; lastKnownFileType = wrapper.framework; name = StoreKit.framework; path = System/Library/Frameworks/StoreKit.framework; sourceTree = SDKROOT; };
/* End PBXFileReference section */

/* Begin PBXFrameworksBuildPhase section */
		447A435C28D8DA6000D9DE66 /* Frameworks */ = {
			isa = PBXFrameworksBuildPhase;
			buildActionMask = 2147483647;
			files = (
				447A437F28D8EA6800D9DE66 /* StoreKit.framework in Frameworks */,
			);
			runOnlyForDeploymentPostprocessing = 0;
		};
/* End PBXFrameworksBuildPhase section */

/* Begin PBXGroup section */
		447A435628D8DA6000D9DE66 = {
			isa = PBXGroup;
			children = (
				447A436128D8DA6000D9DE66 /* InspoQuotes */,
				447A436028D8DA6000D9DE66 /* Products */,
				447A437D28D8EA6800D9DE66 /* Frameworks */,
			);
			sourceTree = "<group>";
		};
		447A436028D8DA6000D9DE66 /* Products */ = {
			isa = PBXGroup;
			children = (
				447A435F28D8DA6000D9DE66 /* InspoQuotes.app */,
			);
			name = Products;
			sourceTree = "<group>";
		};
		447A436128D8DA6000D9DE66 /* InspoQuotes */ = {
			isa = PBXGroup;
			children = (
				447A438028D9119800D9DE66 /* Application */,
				447A437A28D8DFD700D9DE66 /* Model */,
				447A437928D8DFD000D9DE66 /* View */,
				447A437828D8DFC700D9DE66 /* Controller */,
				447A438128D912B800D9DE66 /* Resouces */,
				447A437028D8DA6100D9DE66 /* Info.plist */,
			);
			path = InspoQuotes;
			sourceTree = "<group>";
		};
		447A437828D8DFC700D9DE66 /* Controller */ = {
			isa = PBXGroup;
			children = (
				447A436628D8DA6000D9DE66 /* QuotesController.swift */,
			);
			path = Controller;
			sourceTree = "<group>";
		};
		447A437928D8DFD000D9DE66 /* View */ = {
			isa = PBXGroup;
			children = (
				447A436828D8DA6000D9DE66 /* Main.storyboard */,
				447A436D28D8DA6100D9DE66 /* LaunchScreen.storyboard */,
				447A437628D8DE0F00D9DE66 /* QuoteCell.swift */,
			);
			path = View;
			sourceTree = "<group>";
		};
		447A437A28D8DFD700D9DE66 /* Model */ = {
			isa = PBXGroup;
			children = (
				447A437B28D8DFF400D9DE66 /* QuotesData.swift */,
			);
			path = Model;
			sourceTree = "<group>";
		};
		447A437D28D8EA6800D9DE66 /* Frameworks */ = {
			isa = PBXGroup;
			children = (
				447A437E28D8EA6800D9DE66 /* StoreKit.framework */,
			);
			name = Frameworks;
			sourceTree = "<group>";
		};
		447A438028D9119800D9DE66 /* Application */ = {
			isa = PBXGroup;
			children = (
				447A436228D8DA6000D9DE66 /* AppDelegate.swift */,
				447A436428D8DA6000D9DE66 /* SceneDelegate.swift */,
			);
			path = Application;
			sourceTree = "<group>";
		};
		447A438128D912B800D9DE66 /* Resouces */ = {
			isa = PBXGroup;
			children = (
				447A436B28D8DA6100D9DE66 /* Assets.xcassets */,
			);
			path = Resouces;
			sourceTree = "<group>";
		};
/* End PBXGroup section */

/* Begin PBXNativeTarget section */
		447A435E28D8DA6000D9DE66 /* InspoQuotes */ = {
			isa = PBXNativeTarget;
			buildConfigurationList = 447A437328D8DA6100D9DE66 /* Build configuration list for PBXNativeTarget "InspoQuotes" */;
			buildPhases = (
				447A435B28D8DA6000D9DE66 /* Sources */,
				447A435C28D8DA6000D9DE66 /* Frameworks */,
				447A435D28D8DA6000D9DE66 /* Resources */,
			);
			buildRules = (
			);
			dependencies = (
			);
			name = InspoQuotes;
			productName = InspoQuotes;
			productReference = 447A435F28D8DA6000D9DE66 /* InspoQuotes.app */;
			productType = "com.apple.product-type.application";
		};
/* End PBXNativeTarget section */

/* Begin PBXProject section */
		447A435728D8DA6000D9DE66 /* Project object */ = {
			isa = PBXProject;
			attributes = {
				BuildIndependentTargetsInParallel = 1;
				LastSwiftUpdateCheck = 1400;
				LastUpgradeCheck = 1400;
				TargetAttributes = {
					447A435E28D8DA6000D9DE66 = {
						CreatedOnToolsVersion = 14.0;
					};
				};
			};
			buildConfigurationList = 447A435A28D8DA6000D9DE66 /* Build configuration list for PBXProject "InspoQuotes" */;
			compatibilityVersion = "Xcode 14.0";
			developmentRegion = en;
			hasScannedForEncodings = 0;
			knownRegions = (
				en,
				Base,
			);
			mainGroup = 447A435628D8DA6000D9DE66;
			productRefGroup = 447A436028D8DA6000D9DE66 /* Products */;
			projectDirPath = "";
			projectRoot = "";
			targets = (
				447A435E28D8DA6000D9DE66 /* InspoQuotes */,
			);
		};
/* End PBXProject section */

/* Begin PBXResourcesBuildPhase section */
		447A435D28D8DA6000D9DE66 /* Resources */ = {
			isa = PBXResourcesBuildPhase;
			buildActionMask = 2147483647;
			files = (
				447A436F28D8DA6100D9DE66 /* LaunchScreen.storyboard in Resources */,
				447A436C28D8DA6100D9DE66 /* Assets.xcassets in Resources */,
				447A436A28D8DA6000D9DE66 /* Main.storyboard in Resources */,
			);
			runOnlyForDeploymentPostprocessing = 0;
		};
/* End PBXResourcesBuildPhase section */

/* Begin PBXSourcesBuildPhase section */
		447A435B28D8DA6000D9DE66 /* Sources */ = {
			isa = PBXSourcesBuildPhase;
			buildActionMask = 2147483647;
			files = (
				447A437728D8DE0F00D9DE66 /* QuoteCell.swift in Sources */,
				447A436728D8DA6000D9DE66 /* QuotesController.swift in Sources */,
				447A437C28D8DFF400D9DE66 /* QuotesData.swift in Sources */,
				447A436328D8DA6000D9DE66 /* AppDelegate.swift in Sources */,
				447A436528D8DA6000D9DE66 /* SceneDelegate.swift in Sources */,
			);
			runOnlyForDeploymentPostprocessing = 0;
		};
/* End PBXSourcesBuildPhase section */

/* Begin PBXVariantGroup section */
		447A436828D8DA6000D9DE66 /* Main.storyboard */ = {
			isa = PBXVariantGroup;
			children = (
				447A436928D8DA6000D9DE66 /* Base */,
			);
			name = Main.storyboard;
			sourceTree = "<group>";
		};
		447A436D28D8DA6100D9DE66 /* LaunchScreen.storyboard */ = {
			isa = PBXVariantGroup;
			children = (
				447A436E28D8DA6100D9DE66 /* Base */,
			);
			name = LaunchScreen.storyboard;
			sourceTree = "<group>";
		};
/* End PBXVariantGroup section */

/* Begin XCBuildConfiguration section */
		447A437128D8DA6100D9DE66 /* Debug */ = {
			isa = XCBuildConfiguration;
			buildSettings = {
				ALWAYS_SEARCH_USER_PATHS = NO;
				CLANG_ANALYZER_NONNULL = YES;
				CLANG_ANALYZER_NUMBER_OBJECT_CONVERSION = YES_AGGRESSIVE;
				CLANG_CXX_LANGUAGE_STANDARD = "gnu++20";
				CLANG_ENABLE_MODULES = YES;
				CLANG_ENABLE_OBJC_ARC = YES;
				CLANG_ENABLE_OBJC_WEAK = YES;
				CLANG_WARN_BLOCK_CAPTURE_AUTORELEASING = YES;
				CLANG_WARN_BOOL_CONVERSION = YES;
				CLANG_WARN_COMMA = YES;
				CLANG_WARN_CONSTANT_CONVERSION = YES;
				CLANG_WARN_DEPRECATED_OBJC_IMPLEMENTATIONS = YES;
				CLANG_WARN_DIRECT_OBJC_ISA_USAGE = YES_ERROR;
				CLANG_WARN_DOCUMENTATION_COMMENTS = YES;
				CLANG_WARN_EMPTY_BODY = YES;
				CLANG_WARN_ENUM_CONVERSION = YES;
				CLANG_WARN_INFINITE_RECURSION = YES;
				CLANG_WARN_INT_CONVERSION = YES;
				CLANG_WARN_NON_LITERAL_NULL_CONVERSION = YES;
				CLANG_WARN_OBJC_IMPLICIT_RETAIN_SELF = YES;
				CLANG_WARN_OBJC_LITERAL_CONVERSION = YES;
				CLANG_WARN_OBJC_ROOT_CLASS = YES_ERROR;
				CLANG_WARN_QUOTED_INCLUDE_IN_FRAMEWORK_HEADER = YES;
				CLANG_WARN_RANGE_LOOP_ANALYSIS = YES;
				CLANG_WARN_STRICT_PROTOTYPES = YES;
				CLANG_WARN_SUSPICIOUS_MOVE = YES;
				CLANG_WARN_UNGUARDED_AVAILABILITY = YES_AGGRESSIVE;
				CLANG_WARN_UNREACHABLE_CODE = YES;
				CLANG_WARN__DUPLICATE_METHOD_MATCH = YES;
				COPY_PHASE_STRIP = NO;
				DEBUG_INFORMATION_FORMAT = dwarf;
				ENABLE_STRICT_OBJC_MSGSEND = YES;
				ENABLE_TESTABILITY = YES;
				GCC_C_LANGUAGE_STANDARD = gnu11;
				GCC_DYNAMIC_NO_PIC = NO;
				GCC_NO_COMMON_BLOCKS = YES;
				GCC_OPTIMIZATION_LEVEL = 0;
				GCC_PREPROCESSOR_DEFINITIONS = (
					"DEBUG=1",
					"$(inherited)",
				);
				GCC_WARN_64_TO_32_BIT_CONVERSION = YES;
				GCC_WARN_ABOUT_RETURN_TYPE = YES_ERROR;
				GCC_WARN_UNDECLARED_SELECTOR = YES;
				GCC_WARN_UNINITIALIZED_AUTOS = YES_AGGRESSIVE;
				GCC_WARN_UNUSED_FUNCTION = YES;
				GCC_WARN_UNUSED_VARIABLE = YES;
				IPHONEOS_DEPLOYMENT_TARGET = 16.0;
				MTL_ENABLE_DEBUG_INFO = INCLUDE_SOURCE;
				MTL_FAST_MATH = YES;
				ONLY_ACTIVE_ARCH = YES;
				SDKROOT = iphoneos;
				SWIFT_ACTIVE_COMPILATION_CONDITIONS = DEBUG;
				SWIFT_OPTIMIZATION_LEVEL = "-Onone";
			};
			name = Debug;
		};
		447A437228D8DA6100D9DE66 /* Release */ = {
			isa = XCBuildConfiguration;
			buildSettings = {
				ALWAYS_SEARCH_USER_PATHS = NO;
				CLANG_ANALYZER_NONNULL = YES;
				CLANG_ANALYZER_NUMBER_OBJECT_CONVERSION = YES_AGGRESSIVE;
				CLANG_CXX_LANGUAGE_STANDARD = "gnu++20";
				CLANG_ENABLE_MODULES = YES;
				CLANG_ENABLE_OBJC_ARC = YES;
				CLANG_ENABLE_OBJC_WEAK = YES;
				CLANG_WARN_BLOCK_CAPTURE_AUTORELEASING = YES;
				CLANG_WARN_BOOL_CONVERSION = YES;
				CLANG_WARN_COMMA = YES;
				CLANG_WARN_CONSTANT_CONVERSION = YES;
				CLANG_WARN_DEPRECATED_OBJC_IMPLEMENTATIONS = YES;
				CLANG_WARN_DIRECT_OBJC_ISA_USAGE = YES_ERROR;
				CLANG_WARN_DOCUMENTATION_COMMENTS = YES;
				CLANG_WARN_EMPTY_BODY = YES;
				CLANG_WARN_ENUM_CONVERSION = YES;
				CLANG_WARN_INFINITE_RECURSION = YES;
				CLANG_WARN_INT_CONVERSION = YES;
				CLANG_WARN_NON_LITERAL_NULL_CONVERSION = YES;
				CLANG_WARN_OBJC_IMPLICIT_RETAIN_SELF = YES;
				CLANG_WARN_OBJC_LITERAL_CONVERSION = YES;
				CLANG_WARN_OBJC_ROOT_CLASS = YES_ERROR;
				CLANG_WARN_QUOTED_INCLUDE_IN_FRAMEWORK_HEADER = YES;
				CLANG_WARN_RANGE_LOOP_ANALYSIS = YES;
				CLANG_WARN_STRICT_PROTOTYPES = YES;
				CLANG_WARN_SUSPICIOUS_MOVE = YES;
				CLANG_WARN_UNGUARDED_AVAILABILITY = YES_AGGRESSIVE;
				CLANG_WARN_UNREACHABLE_CODE = YES;
				CLANG_WARN__DUPLICATE_METHOD_MATCH = YES;
				COPY_PHASE_STRIP = NO;
				DEBUG_INFORMATION_FORMAT = "dwarf-with-dsym";
				ENABLE_NS_ASSERTIONS = NO;
				ENABLE_STRICT_OBJC_MSGSEND = YES;
				GCC_C_LANGUAGE_STANDARD = gnu11;
				GCC_NO_COMMON_BLOCKS = YES;
				GCC_WARN_64_TO_32_BIT_CONVERSION = YES;
				GCC_WARN_ABOUT_RETURN_TYPE = YES_ERROR;
				GCC_WARN_UNDECLARED_SELECTOR = YES;
				GCC_WARN_UNINITIALIZED_AUTOS = YES_AGGRESSIVE;
				GCC_WARN_UNUSED_FUNCTION = YES;
				GCC_WARN_UNUSED_VARIABLE = YES;
				IPHONEOS_DEPLOYMENT_TARGET = 16.0;
				MTL_ENABLE_DEBUG_INFO = NO;
				MTL_FAST_MATH = YES;
				SDKROOT = iphoneos;
				SWIFT_COMPILATION_MODE = wholemodule;
				SWIFT_OPTIMIZATION_LEVEL = "-O";
				VALIDATE_PRODUCT = YES;
			};
			name = Release;
		};
		447A437428D8DA6100D9DE66 /* Debug */ = {
			isa = XCBuildConfiguration;
			buildSettings = {
				ASSETCATALOG_COMPILER_APPICON_NAME = AppIcon;
				ASSETCATALOG_COMPILER_GLOBAL_ACCENT_COLOR_NAME = AccentColor;
				CODE_SIGN_STYLE = Automatic;
				CURRENT_PROJECT_VERSION = 1;
				DEVELOPMENT_TEAM = 3PN53MQP93;
				GENERATE_INFOPLIST_FILE = YES;
				INFOPLIST_FILE = InspoQuotes/Info.plist;
				INFOPLIST_KEY_UIApplicationSupportsIndirectInputEvents = YES;
				INFOPLIST_KEY_UILaunchStoryboardName = LaunchScreen;
				INFOPLIST_KEY_UIMainStoryboardFile = Main;
				INFOPLIST_KEY_UISupportedInterfaceOrientations_iPad = "UIInterfaceOrientationPortrait UIInterfaceOrientationPortraitUpsideDown UIInterfaceOrientationLandscapeLeft UIInterfaceOrientationLandscapeRight";
				INFOPLIST_KEY_UISupportedInterfaceOrientations_iPhone = "UIInterfaceOrientationPortrait UIInterfaceOrientationLandscapeLeft UIInterfaceOrientationLandscapeRight";
				LD_RUNPATH_SEARCH_PATHS = (
					"$(inherited)",
					"@executable_path/Frameworks",
				);
				MARKETING_VERSION = 1.0;
				PRODUCT_BUNDLE_IDENTIFIER = com.smakhtin.inspoquotes;
				PRODUCT_NAME = "$(TARGET_NAME)";
				SUPPORTED_PLATFORMS = "iphoneos iphonesimulator";
				SUPPORTS_MACCATALYST = NO;
				SUPPORTS_MAC_DESIGNED_FOR_IPHONE_IPAD = NO;
				SWIFT_EMIT_LOC_STRINGS = YES;
				SWIFT_VERSION = 5.0;
				TARGETED_DEVICE_FAMILY = 1;
			};
			name = Debug;
		};
		447A437528D8DA6100D9DE66 /* Release */ = {
			isa = XCBuildConfiguration;
			buildSettings = {
				ASSETCATALOG_COMPILER_APPICON_NAME = AppIcon;
				ASSETCATALOG_COMPILER_GLOBAL_ACCENT_COLOR_NAME = AccentColor;
				CODE_SIGN_STYLE = Automatic;
				CURRENT_PROJECT_VERSION = 1;
				DEVELOPMENT_TEAM = 3PN53MQP93;
				GENERATE_INFOPLIST_FILE = YES;
				INFOPLIST_FILE = InspoQuotes/Info.plist;
				INFOPLIST_KEY_UIApplicationSupportsIndirectInputEvents = YES;
				INFOPLIST_KEY_UILaunchStoryboardName = LaunchScreen;
				INFOPLIST_KEY_UIMainStoryboardFile = Main;
				INFOPLIST_KEY_UISupportedInterfaceOrientations_iPad = "UIInterfaceOrientationPortrait UIInterfaceOrientationPortraitUpsideDown UIInterfaceOrientationLandscapeLeft UIInterfaceOrientationLandscapeRight";
				INFOPLIST_KEY_UISupportedInterfaceOrientations_iPhone = "UIInterfaceOrientationPortrait UIInterfaceOrientationLandscapeLeft UIInterfaceOrientationLandscapeRight";
				LD_RUNPATH_SEARCH_PATHS = (
					"$(inherited)",
					"@executable_path/Frameworks",
				);
				MARKETING_VERSION = 1.0;
				PRODUCT_BUNDLE_IDENTIFIER = com.smakhtin.inspoquotes;
				PRODUCT_NAME = "$(TARGET_NAME)";
				SUPPORTED_PLATFORMS = "iphoneos iphonesimulator";
				SUPPORTS_MACCATALYST = NO;
				SUPPORTS_MAC_DESIGNED_FOR_IPHONE_IPAD = NO;
				SWIFT_EMIT_LOC_STRINGS = YES;
				SWIFT_VERSION = 5.0;
				TARGETED_DEVICE_FAMILY = 1;
			};
			name = Release;
		};
/* End XCBuildConfiguration section */

/* Begin XCConfigurationList section */
		447A435A28D8DA6000D9DE66 /* Build configuration list for PBXProject "InspoQuotes" */ = {
			isa = XCConfigurationList;
			buildConfigurations = (
				447A437128D8DA6100D9DE66 /* Debug */,
				447A437228D8DA6100D9DE66 /* Release */,
			);
			defaultConfigurationIsVisible = 0;
			defaultConfigurationName = Release;
		};
		447A437328D8DA6100D9DE66 /* Build configuration list for PBXNativeTarget "InspoQuotes" */ = {
			isa = XCConfigurationList;
			buildConfigurations = (
				447A437428D8DA6100D9DE66 /* Debug */,
				447A437528D8DA6100D9DE66 /* Release */,
			);
			defaultConfigurationIsVisible = 0;
			defaultConfigurationName = Release;
		};
/* End XCConfigurationList section */
	};
	rootObject = 447A435728D8DA6000D9DE66 /* Project object */;
}
